
Microsoft Visual Studio Solution File, Format Version 12.00
# Visual Studio Version 17
VisualStudioVersion = 17.6.33815.320
MinimumVisualStudioVersion = 10.0.40219.1
Project("{FAE04EC0-301F-11D3-BF4B-00C04F79EFBC}") = "PostgreSQLDeneme", "PostgreSQLDeneme\PostgreSQLDeneme.csproj", "{03F5260F-CBDB-4E24-AF4C-C0CEDF3CC76F}"
EndProject
Global
	GlobalSection(SolutionConfigurationPlatforms) = preSolution
		Debug|Any CPU = Debug|Any CPU
		Release|Any CPU = Release|Any CPU
	EndGlobalSection
	GlobalSection(ProjectConfigurationPlatforms) = postSolution
		{03F5260F-CBDB-4E24-AF4C-C0CEDF3CC76F}.Debug|Any CPU.ActiveCfg = Debug|Any CPU
		{03F5260F-CBDB-4E24-AF4C-C0CEDF3CC76F}.Debug|Any CPU.Build.0 = Debug|Any CPU
		{03F5260F-CBDB-4E24-AF4C-C0CEDF3CC76F}.Release|Any CPU.ActiveCfg = Release|Any CPU
		{03F5260F-CBDB-4E24-AF4C-C0CEDF3CC76F}.Release|Any CPU.Build.0 = Release|Any CPU
	EndGlobalSection
	GlobalSection(SolutionProperties) = preSolution
		HideSolutionNode = FALSE
	EndGlobalSection
	GlobalSection(ExtensibilityGlobals) = postSolution
		SolutionGuid = {882E8497-2964-4811-8448-F62D22E6F59A}
	EndGlobalSection
EndGlobal
